{
  "name": "Bitcoin_explorer",
  "lockfileVersion": 3,
  "requires": true,
  "packages": {
    "": {
      "dependencies": {
        "@types/chart.js": "^2.9.41",
        "@types/styled-components": "^5.1.34",
        "axios": "^1.7.2",
        "chart.js": "^4.4.3",
        "react": "^18.3.1",
        "react-chartjs-2": "^5.2.0",
        "react-dom": "^18.3.1",
        "styled-components": "^6.1.11",
        "typescript": "^5.5.2"
      },
      "devDependencies": {
        "@types/axios": "^0.14.0",
        "@types/react": "^18.3.3",
        "@types/react-chartjs-2": "^2.5.7",
        "@types/react-dom": "^18.3.0"
      }
    },
    "node_modules/@emotion/is-prop-valid": {
      "version": "1.2.2",
      "resolved": "https://registry.npmjs.org/@emotion/is-prop-valid/-/is-prop-valid-1.2.2.tgz",
      "integrity": "sha512-uNsoYd37AFmaCdXlg6EYD1KaPOaRWRByMCYzbKUX4+hhMfrxdVSelShywL4JVaAeM/eHUOSprYBQls+/neX3pw==",
      "license": "MIT",
      "dependencies": {
        "@emotion/memoize": "^0.8.1"
      }
    },
    "node_modules/@emotion/memoize": {
      "version": "0.8.1",
      "resolved": "https://registry.npmjs.org/@emotion/memoize/-/memoize-0.8.1.tgz",
      "integrity": "sha512-W2P2c/VRW1/1tLox0mVUalvnWXxavmv/Oum2aPsRcoDJuob75FC3Y8FbpfLwUegRcxINtGUMPq0tFCvYNTBXNA==",
      "license": "MIT"
    },
    "node_modules/@emotion/unitless": {
      "version": "0.8.1",
      "resolved": "https://registry.npmjs.org/@emotion/unitless/-/unitless-0.8.1.tgz",
      "integrity": "sha512-KOEGMu6dmJZtpadb476IsZBclKvILjopjUii3V+7MnXIQCYh8W3NgNcgwo21n9LXZX6EDIKvqfjYxXebDwxKmQ==",
      "license": "MIT"
    },
    "node_modules/@kurkle/color": {
      "version": "0.3.2",
      "resolved": "https://registry.npmjs.org/@kurkle/color/-/color-0.3.2.tgz",
      "integrity": "sha512-fuscdXJ9G1qb7W8VdHi+IwRqij3lBkosAm4ydQtEmbY58OzHXqQhvlxqEkoz0yssNVn38bcpRWgA9PP+OGoisw==",
      "license": "MIT"
    },
    "node_modules/@types/axios": {
      "version": "0.14.0",
      "resolved": "https://registry.npmjs.org/@types/axios/-/axios-0.14.0.tgz",
      "integrity": "sha512-KqQnQbdYE54D7oa/UmYVMZKq7CO4l8DEENzOKc4aBRwxCXSlJXGz83flFx5L7AWrOQnmuN3kVsRdt+GZPPjiVQ==",
      "deprecated": "This is a stub types definition for axios (https://github.com/mzabriskie/axios). axios provides its own type definitions, so you don't need @types/axios installed!",
      "dev": true,
      "license": "MIT",
      "dependencies": {
        "axios": "*"
      }
    },
    "node_modules/@types/chart.js": {
      "version": "2.9.41",
      "resolved": "https://registry.npmjs.org/@types/chart.js/-/chart.js-2.9.41.tgz",
      "integrity": "sha512-3dvkDvueckY83UyUXtJMalYoH6faOLkWQoaTlJgB4Djde3oORmNP0Jw85HtzTuXyliUHcdp704s0mZFQKio/KQ==",
      "license": "MIT",
      "dependencies": {
        "moment": "^2.10.2"
      }
    },
    "node_modules/@types/hoist-non-react-statics": {
      "version": "3.3.5",
      "resolved": "https://registry.npmjs.org/@types/hoist-non-react-statics/-/hoist-non-react-statics-3.3.5.tgz",
      "integrity": "sha512-SbcrWzkKBw2cdwRTwQAswfpB9g9LJWfjtUeW/jvNwbhC8cpmmNYVePa+ncbUe0rGTQ7G3Ff6mYUN2VMfLVr+Sg==",
      "license": "MIT",
      "dependencies": {
        "@types/react": "*",
        "hoist-non-react-statics": "^3.3.0"
      }
    },
    "node_modules/@types/prop-types": {
      "version": "15.7.12",
      "resolved": "https://registry.npmjs.org/@types/prop-types/-/prop-types-15.7.12.tgz",
      "integrity": "sha512-5zvhXYtRNRluoE/jAp4GVsSduVUzNWKkOZrCDBWYtE7biZywwdC2AcEzg+cSMLFRfVgeAFqpfNabiPjxFddV1Q==",
      "license": "MIT"
    },
    "node_modules/@types/react": {
      "version": "18.3.3",
      "resolved": "https://registry.npmjs.org/@types/react/-/react-18.3.3.tgz",
      "integrity": "sha512-hti/R0pS0q1/xx+TsI73XIqk26eBsISZ2R0wUijXIngRK9R/e7Xw/cXVxQK7R5JjW+SV4zGcn5hXjudkN/pLIw==",
      "license": "MIT",
      "dependencies": {
        "@types/prop-types": "*",
        "csstype": "^3.0.2"
      }
    },
    "node_modules/@types/react-chartjs-2": {
      "version": "2.5.7",
      "resolved": "https://registry.npmjs.org/@types/react-chartjs-2/-/react-chartjs-2-2.5.7.tgz",
      "integrity": "sha512-waqYqiNULIVUqaKO7MGUpFmWrVtH7gVPOzqwV4y4zgUyu/JiDwC005PpveO442HKnby9kLgp3t1SB2sld+ACLw==",
      "deprecated": "This is a stub types definition for react-chartjs-2 (https://github.com/gor181/react-chartjs-2). react-chartjs-2 provides its own type definitions, so you don't need @types/react-chartjs-2 installed!",
      "dev": true,
      "license": "MIT",
      "dependencies": {
        "react-chartjs-2": "*"
      }
    },
    "node_modules/@types/react-dom": {
      "version": "18.3.0",
      "resolved": "https://registry.npmjs.org/@types/react-dom/-/react-dom-18.3.0.tgz",
      "integrity": "sha512-EhwApuTmMBmXuFOikhQLIBUn6uFg81SwLMOAUgodJF14SOBOCMdU04gDoYi0WOJJHD144TL32z4yDqCW3dnkQg==",
      "dev": true,
      "license": "MIT",
      "dependencies": {
        "@types/react": "*"
      }
    },
    "node_modules/@types/styled-components": {
      "version": "5.1.34",
      "resolved": "https://registry.npmjs.org/@types/styled-components/-/styled-components-5.1.34.tgz",
      "integrity": "sha512-mmiVvwpYklFIv9E8qfxuPyIt/OuyIrn6gMOAMOFUO3WJfSrSE+sGUoa4PiZj77Ut7bKZpaa6o1fBKS/4TOEvnA==",
      "license": "MIT",
      "dependencies": {
        "@types/hoist-non-react-statics": "*",
        "@types/react": "*",
        "csstype": "^3.0.2"
      }
    },
    "node_modules/@types/stylis": {
      "version": "4.2.5",
      "resolved": "https://registry.npmjs.org/@types/stylis/-/stylis-4.2.5.tgz",
      "integrity": "sha512-1Xve+NMN7FWjY14vLoY5tL3BVEQ/n42YLwaqJIPYhotZ9uBHt87VceMwWQpzmdEt2TNXIorIFG+YeCUUW7RInw==",
      "license": "MIT"
    },
    "node_modules/asynckit": {
      "version": "0.4.0",
      "resolved": "https://registry.npmjs.org/asynckit/-/asynckit-0.4.0.tgz",
      "integrity": "sha512-Oei9OH4tRh0YqU3GxhX79dM/mwVgvbZJaSNaRk+bshkj0S5cfHcgYakreBjrHwatXKbz+IoIdYLxrKim2MjW0Q==",
      "license": "MIT"
    },
    "node_modules/axios": {
      "version": "1.7.2",
      "resolved": "https://registry.npmjs.org/axios/-/axios-1.7.2.tgz",
      "integrity": "sha512-2A8QhOMrbomlDuiLeK9XibIBzuHeRcqqNOHp0Cyp5EoJ1IFDh+XZH3A6BkXtv0K4gFGCI0Y4BM7B1wOEi0Rmgw==",
      "license": "MIT",
      "dependencies": {
        "follow-redirects": "^1.15.6",
        "form-data": "^4.0.0",
        "proxy-from-env": "^1.1.0"
      }
    },
    "node_modules/camelize": {
      "version": "1.0.1",
      "resolved": "https://registry.npmjs.org/camelize/-/camelize-1.0.1.tgz",
      "integrity": "sha512-dU+Tx2fsypxTgtLoE36npi3UqcjSSMNYfkqgmoEhtZrraP5VWq0K7FkWVTYa8eMPtnU/G2txVsfdCJTn9uzpuQ==",
      "license": "MIT",
      "funding": {
        "url": "https://github.com/sponsors/ljharb"
      }
    },
    "node_modules/chart.js": {
      "version": "4.4.3",
      "resolved": "https://registry.npmjs.org/chart.js/-/chart.js-4.4.3.tgz",
      "integrity": "sha512-qK1gkGSRYcJzqrrzdR6a+I0vQ4/R+SoODXyAjscQ/4mzuNzySaMCd+hyVxitSY1+L2fjPD1Gbn+ibNqRmwQeLw==",
      "license": "MIT",
      "dependencies": {
        "@kurkle/color": "^0.3.0"
      },
      "engines": {
        "pnpm": ">=8"
      }
    },
    "node_modules/combined-stream": {
      "version": "1.0.8",
      "resolved": "https://registry.npmjs.org/combined-stream/-/combined-stream-1.0.8.tgz",
      "integrity": "sha512-FQN4MRfuJeHf7cBbBMJFXhKSDq+2kAArBlmRBvcvFE5BB1HZKXtSFASDhdlz9zOYwxh8lDdnvmMOe/+5cdoEdg==",
      "license": "MIT",
      "dependencies": {
        "delayed-stream": "~1.0.0"
      },
      "engines": {
        "node": ">= 0.8"
      }
    },
    "node_modules/css-color-keywords": {
      "version": "1.0.0",
      "resolved": "https://registry.npmjs.org/css-color-keywords/-/css-color-keywords-1.0.0.tgz",
      "integrity": "sha512-FyyrDHZKEjXDpNJYvVsV960FiqQyXc/LlYmsxl2BcdMb2WPx0OGRVgTg55rPSyLSNMqP52R9r8geSp7apN3Ofg==",
      "license": "ISC",
      "engines": {
        "node": ">=4"
      }
    },
    "node_modules/css-to-react-native": {
      "version": "3.2.0",
      "resolved": "https://registry.npmjs.org/css-to-react-native/-/css-to-react-native-3.2.0.tgz",
      "integrity": "sha512-e8RKaLXMOFii+02mOlqwjbD00KSEKqblnpO9e++1aXS1fPQOpS1YoqdVHBqPjHNoxeF2mimzVqawm2KCbEdtHQ==",
      "license": "MIT",
      "dependencies": {
        "camelize": "^1.0.0",
        "css-color-keywords": "^1.0.0",
        "postcss-value-parser": "^4.0.2"
      }
    },
    "node_modules/csstype": {
      "version": "3.1.3",
      "resolved": "https://registry.npmjs.org/csstype/-/csstype-3.1.3.tgz",
      "integrity": "sha512-M1uQkMl8rQK/szD0LNhtqxIPLpimGm8sOBwU7lLnCpSbTyY3yeU1Vc7l4KT5zT4s/yOxHH5O7tIuuLOCnLADRw==",
      "license": "MIT"
    },
    "node_modules/delayed-stream": {
      "version": "1.0.0",
      "resolved": "https://registry.npmjs.org/delayed-stream/-/delayed-stream-1.0.0.tgz",
      "integrity": "sha512-ZySD7Nf91aLB0RxL4KGrKHBXl7Eds1DAmEdcoVawXnLD7SDhpNgtuII2aAkg7a7QS41jxPSZ17p4VdGnMHk3MQ==",
      "license": "MIT",
      "engines": {
        "node": ">=0.4.0"
      }
    },
    "node_modules/follow-redirects": {
      "version": "1.15.6",
      "resolved": "https://registry.npmjs.org/follow-redirects/-/follow-redirects-1.15.6.tgz",
      "integrity": "sha512-wWN62YITEaOpSK584EZXJafH1AGpO8RVgElfkuXbTOrPX4fIfOyEpW/CsiNd8JdYrAoOvafRTOEnvsO++qCqFA==",
      "funding": [
        {
          "type": "individual",
          "url": "https://github.com/sponsors/RubenVerborgh"
        }
      ],
      "license": "MIT",
      "engines": {
        "node": ">=4.0"
      },
      "peerDependenciesMeta": {
        "debug": {
          "optional": true
        }
      }
    },
    "node_modules/form-data": {
      "version": "4.0.0",
      "resolved": "https://registry.npmjs.org/form-data/-/form-data-4.0.0.tgz",
      "integrity": "sha512-ETEklSGi5t0QMZuiXoA/Q6vcnxcLQP5vdugSpuAyi6SVGi2clPPp+xgEhuMaHC+zGgn31Kd235W35f7Hykkaww==",
      "license": "MIT",
      "dependencies": {
        "asynckit": "^0.4.0",
        "combined-stream": "^1.0.8",
        "mime-types": "^2.1.12"
      },
      "engines": {
        "node": ">= 6"
      }
    },
    "node_modules/hoist-non-react-statics": {
      "version": "3.3.2",
      "resolved": "https://registry.npmjs.org/hoist-non-react-statics/-/hoist-non-react-statics-3.3.2.tgz",
      "integrity": "sha512-/gGivxi8JPKWNm/W0jSmzcMPpfpPLc3dY/6GxhX2hQ9iGj3aDfklV4ET7NjKpSinLpJ5vafa9iiGIEZg10SfBw==",
      "license": "BSD-3-Clause",
      "dependencies": {
        "react-is": "^16.7.0"
      }
    },
    "node_modules/js-tokens": {
      "version": "4.0.0",
      "resolved": "https://registry.npmjs.org/js-tokens/-/js-tokens-4.0.0.tgz",
      "integrity": "sha512-RdJUflcE3cUzKiMqQgsCu06FPu9UdIJO0beYbPhHN4k6apgJtifcoCtT9bcxOpYBtpD2kCM6Sbzg4CausW/PKQ==",
      "license": "MIT"
    },
    "node_modules/loose-envify": {
      "version": "1.4.0",
      "resolved": "https://registry.npmjs.org/loose-envify/-/loose-envify-1.4.0.tgz",
      "integrity": "sha512-lyuxPGr/Wfhrlem2CL/UcnUc1zcqKAImBDzukY7Y5F/yQiNdko6+fRLevlw1HgMySw7f611UIY408EtxRSoK3Q==",
      "license": "MIT",
      "dependencies": {
        "js-tokens": "^3.0.0 || ^4.0.0"
      },
      "bin": {
        "loose-envify": "cli.js"
      }
    },
    "node_modules/mime-db": {
      "version": "1.52.0",
      "resolved": "https://registry.npmjs.org/mime-db/-/mime-db-1.52.0.tgz",
      "integrity": "sha512-sPU4uV7dYlvtWJxwwxHD0PuihVNiE7TyAbQ5SWxDCB9mUYvOgroQOwYQQOKPJ8CIbE+1ETVlOoK1UC2nU3gYvg==",
      "license": "MIT",
      "engines": {
        "node": ">= 0.6"
      }
    },
    "node_modules/mime-types": {
      "version": "2.1.35",
      "resolved": "https://registry.npmjs.org/mime-types/-/mime-types-2.1.35.tgz",
      "integrity": "sha512-ZDY+bPm5zTTF+YpCrAU9nK0UgICYPT0QtT1NZWFv4s++TNkcgVaT0g6+4R2uI4MjQjzysHB1zxuWL50hzaeXiw==",
      "license": "MIT",
      "dependencies": {
        "mime-db": "1.52.0"
      },
      "engines": {
        "node": ">= 0.6"
      }
    },
    "node_modules/moment": {
      "version": "2.30.1",
      "resolved": "https://registry.npmjs.org/moment/-/moment-2.30.1.tgz",
      "integrity": "sha512-uEmtNhbDOrWPFS+hdjFCBfy9f2YoyzRpwcl+DqpC6taX21FzsTLQVbMV/W7PzNSX6x/bhC1zA3c2UQ5NzH6how==",
      "license": "MIT",
      "engines": {
        "node": "*"
      }
    },
    "node_modules/nanoid": {
      "version": "3.3.7",
      "resolved": "https://registry.npmjs.org/nanoid/-/nanoid-3.3.7.tgz",
      "integrity": "sha512-eSRppjcPIatRIMC1U6UngP8XFcz8MQWGQdt1MTBQ7NaAmvXDfvNxbvWV3x2y6CdEUciCSsDHDQZbhYaB8QEo2g==",
      "funding": [
        {
          "type": "github",
          "url": "https://github.com/sponsors/ai"
        }
      ],
      "license": "MIT",
      "bin": {
        "nanoid": "bin/nanoid.cjs"
      },
      "engines": {
        "node": "^10 || ^12 || ^13.7 || ^14 || >=15.0.1"
      }
    },
    "node_modules/picocolors": {
      "version": "1.0.1",
      "resolved": "https://registry.npmjs.org/picocolors/-/picocolors-1.0.1.tgz",
      "integrity": "sha512-anP1Z8qwhkbmu7MFP5iTt+wQKXgwzf7zTyGlcdzabySa9vd0Xt392U0rVmz9poOaBj0uHJKyyo9/upk0HrEQew==",
      "license": "ISC"
    },
    "node_modules/postcss": {
      "version": "8.4.38",
      "resolved": "https://registry.npmjs.org/postcss/-/postcss-8.4.38.tgz",
      "integrity": "sha512-Wglpdk03BSfXkHoQa3b/oulrotAkwrlLDRSOb9D0bN86FdRyE9lppSp33aHNPgBa0JKCoB+drFLZkQoRRYae5A==",
      "funding": [
        {
          "type": "opencollective",
          "url": "https://opencollective.com/postcss/"
        },
        {
          "type": "tidelift",
          "url": "https://tidelift.com/funding/github/npm/postcss"
        },
        {
          "type": "github",
          "url": "https://github.com/sponsors/ai"
        }
      ],
      "license": "MIT",
      "dependencies": {
        "nanoid": "^3.3.7",
        "picocolors": "^1.0.0",
        "source-map-js": "^1.2.0"
      },
      "engines": {
        "node": "^10 || ^12 || >=14"
      }
    },
    "node_modules/postcss-value-parser": {
      "version": "4.2.0",
      "resolved": "https://registry.npmjs.org/postcss-value-parser/-/postcss-value-parser-4.2.0.tgz",
      "integrity": "sha512-1NNCs6uurfkVbeXG4S8JFT9t19m45ICnif8zWLd5oPSZ50QnwMfK+H3jv408d4jw/7Bttv5axS5IiHoLaVNHeQ==",
      "license": "MIT"
    },
    "node_modules/proxy-from-env": {
      "version": "1.1.0",
      "resolved": "https://registry.npmjs.org/proxy-from-env/-/proxy-from-env-1.1.0.tgz",
      "integrity": "sha512-D+zkORCbA9f1tdWRK0RaCR3GPv50cMxcrz4X8k5LTSUD1Dkw47mKJEZQNunItRTkWwgtaUSo1RVFRIG9ZXiFYg==",
      "license": "MIT"
    },
    "node_modules/react": {
      "version": "18.3.1",
      "resolved": "https://registry.npmjs.org/react/-/react-18.3.1.tgz",
      "integrity": "sha512-wS+hAgJShR0KhEvPJArfuPVN1+Hz1t0Y6n5jLrGQbkb4urgPE/0Rve+1kMB1v/oWgHgm4WIcV+i7F2pTVj+2iQ==",
      "license": "MIT",
      "dependencies": {
        "loose-envify": "^1.1.0"
      },
      "engines": {
        "node": ">=0.10.0"
      }
    },
    "node_modules/react-chartjs-2": {
      "version": "5.2.0",
      "resolved": "https://registry.npmjs.org/react-chartjs-2/-/react-chartjs-2-5.2.0.tgz",
      "integrity": "sha512-98iN5aguJyVSxp5U3CblRLH67J8gkfyGNbiK3c+l1QI/G4irHMPQw44aEPmjVag+YKTyQ260NcF82GTQ3bdscA==",
      "license": "MIT",
      "peerDependencies": {
        "chart.js": "^4.1.1",
        "react": "^16.8.0 || ^17.0.0 || ^18.0.0"
      }
    },
    "node_modules/react-dom": {
      "version": "18.3.1",
      "resolved": "https://registry.npmjs.org/react-dom/-/react-dom-18.3.1.tgz",
      "integrity": "sha512-5m4nQKp+rZRb09LNH59GM4BxTh9251/ylbKIbpe7TpGxfJ+9kv6BLkLBXIjjspbgbnIBNqlI23tRnTWT0snUIw==",
      "license": "MIT",
      "dependencies": {
        "loose-envify": "^1.1.0",
        "scheduler": "^0.23.2"
      },
      "peerDependencies": {
        "react": "^18.3.1"
      }
    },
    "node_modules/react-is": {
      "version": "16.13.1",
      "resolved": "https://registry.npmjs.org/react-is/-/react-is-16.13.1.tgz",
      "integrity": "sha512-24e6ynE2H+OKt4kqsOvNd8kBpV65zoxbA4BVsEOB3ARVWQki/DHzaUoC5KuON/BiccDaCCTZBuOcfZs70kR8bQ==",
      "license": "MIT"
    },
    "node_modules/scheduler": {
      "version": "0.23.2",
      "resolved": "https://registry.npmjs.org/scheduler/-/scheduler-0.23.2.tgz",
      "integrity": "sha512-UOShsPwz7NrMUqhR6t0hWjFduvOzbtv7toDH1/hIrfRNIDBnnBWd0CwJTGvTpngVlmwGCdP9/Zl/tVrDqcuYzQ==",
      "license": "MIT",
      "dependencies": {
        "loose-envify": "^1.1.0"
      }
    },
    "node_modules/shallowequal": {
      "version": "1.1.0",
      "resolved": "https://registry.npmjs.org/shallowequal/-/shallowequal-1.1.0.tgz",
      "integrity": "sha512-y0m1JoUZSlPAjXVtPPW70aZWfIL/dSP7AFkRnniLCrK/8MDKog3TySTBmckD+RObVxH0v4Tox67+F14PdED2oQ==",
      "license": "MIT"
    },
    "node_modules/source-map-js": {
      "version": "1.2.0",
      "resolved": "https://registry.npmjs.org/source-map-js/-/source-map-js-1.2.0.tgz",
      "integrity": "sha512-itJW8lvSA0TXEphiRoawsCksnlf8SyvmFzIhltqAHluXd88pkCd+cXJVHTDwdCr0IzwptSm035IHQktUu1QUMg==",
      "license": "BSD-3-Clause",
      "engines": {
        "node": ">=0.10.0"
      }
    },
    "node_modules/styled-components": {
      "version": "6.1.11",
      "resolved": "https://registry.npmjs.org/styled-components/-/styled-components-6.1.11.tgz",
      "integrity": "sha512-Ui0jXPzbp1phYij90h12ksljKGqF8ncGx+pjrNPsSPhbUUjWT2tD1FwGo2LF6USCnbrsIhNngDfodhxbegfEOA==",
      "license": "MIT",
      "dependencies": {
        "@emotion/is-prop-valid": "1.2.2",
        "@emotion/unitless": "0.8.1",
        "@types/stylis": "4.2.5",
        "css-to-react-native": "3.2.0",
        "csstype": "3.1.3",
        "postcss": "8.4.38",
        "shallowequal": "1.1.0",
        "stylis": "4.3.2",
        "tslib": "2.6.2"
      },
      "engines": {
        "node": ">= 16"
      },
      "funding": {
        "type": "opencollective",
        "url": "https://opencollective.com/styled-components"
      },
      "peerDependencies": {
        "react": ">= 16.8.0",
        "react-dom": ">= 16.8.0"
      }
    },
    "node_modules/stylis": {
      "version": "4.3.2",
      "resolved": "https://registry.npmjs.org/stylis/-/stylis-4.3.2.tgz",
      "integrity": "sha512-bhtUjWd/z6ltJiQwg0dUfxEJ+W+jdqQd8TbWLWyeIJHlnsqmGLRFFd8e5mA0AZi/zx90smXRlN66YMTcaSFifg==",
      "license": "MIT"
    },
    "node_modules/tslib": {
      "version": "2.6.2",
      "resolved": "https://registry.npmjs.org/tslib/-/tslib-2.6.2.tgz",
      "integrity": "sha512-AEYxH93jGFPn/a2iVAwW87VuUIkR1FVUKB77NwMF7nBTDkDrrT/Hpt/IrCJ0QXhW27jTBDcf5ZY7w6RiqTMw2Q==",
      "license": "0BSD"
    },
    "node_modules/typescript": {
      "version": "5.5.2",
      "resolved": "https://registry.npmjs.org/typescript/-/typescript-5.5.2.tgz",
      "integrity": "sha512-NcRtPEOsPFFWjobJEtfihkLCZCXZt/os3zf8nTxjVH3RvTSxjrCamJpbExGvYOF+tFHc3pA65qpdwPbzjohhew==",
      "license": "Apache-2.0",
      "bin": {
        "tsc": "bin/tsc",
        "tsserver": "bin/tsserver"
      },
      "engines": {
        "node": ">=14.17"
      }
    }
  }
}
